
Microsoft Visual Studio Solution File, Format Version 12.00
# Visual Studio 2012
Project("{FAE04EC0-301F-11D3-BF4B-00C04F79EFBC}") = "bash-executor", "bash-executor\bash-executor.csproj", "{F58FA5CF-542D-4CD1-AEC9-2BBA8AB666C8}"
EndProject
Global
	GlobalSection(SolutionConfigurationPlatforms) = preSolution
		Debug|Any CPU = Debug|Any CPU
		Release|Any CPU = Release|Any CPU
	EndGlobalSection
	GlobalSection(ProjectConfigurationPlatforms) = postSolution
		{F58FA5CF-542D-4CD1-AEC9-2BBA8AB666C8}.Debug|Any CPU.ActiveCfg = Debug|Any CPU
		{F58FA5CF-542D-4CD1-AEC9-2BBA8AB666C8}.Debug|Any CPU.Build.0 = Debug|Any CPU
		{F58FA5CF-542D-4CD1-AEC9-2BBA8AB666C8}.Release|Any CPU.ActiveCfg = Release|Any CPU
		{F58FA5CF-542D-4CD1-AEC9-2BBA8AB666C8}.Release|Any CPU.Build.0 = Release|Any CPU
	EndGlobalSection
EndGlobal
